
Microsoft Visual Studio Solution File, Format Version 10.00
# Visual Studio 2008
Project("{8BC9CEB8-8B4A-11D0-8D11-00A0C91BC942}") = "me", "me.vcproj", "{14F3F573-EFF9-4C91-841E-6FB7D6B3B18D}"
EndProject
Global
	GlobalSection(SolutionConfigurationPlatforms) = preSolution
		Debug|Win32 = Debug|Win32
		Release|Win32 = Release|Win32
	EndGlobalSection
	GlobalSection(ProjectConfigurationPlatforms) = postSolution
		{14F3F573-EFF9-4C91-841E-6FB7D6B3B18D}.Debug|Win32.ActiveCfg = Debug|Win32
		{14F3F573-EFF9-4C91-841E-6FB7D6B3B18D}.Debug|Win32.Build.0 = Debug|Win32
		{14F3F573-EFF9-4C91-841E-6FB7D6B3B18D}.Release|Win32.ActiveCfg = Release|Win32
		{14F3F573-EFF9-4C91-841E-6FB7D6B3B18D}.Release|Win32.Build.0 = Release|Win32
	EndGlobalSection
	GlobalSection(SolutionProperties) = preSolution
		HideSolutionNode = FALSE
	EndGlobalSection
EndGlobal
